
Microsoft Visual Studio Solution File, Format Version 12.00
# Visual Studio 14
VisualStudioVersion = 14.0.25420.1
MinimumVisualStudioVersion = 10.0.40219.1
Project("{FAE04EC0-301F-11D3-BF4B-00C04F79EFBC}") = "ShoeWars", "ShoeWars\ShoeWars.csproj", "{2C4234FF-6D82-4720-8A81-66F14EFD6D27}"
EndProject
Project("{FAE04EC0-301F-11D3-BF4B-00C04F79EFBC}") = "PaymentTesting", "PaymentTesting\PaymentTesting.csproj", "{F3C710A1-9D55-44C2-8517-FDA4D7BB1ABF}"
EndProject
Project("{FAE04EC0-301F-11D3-BF4B-00C04F79EFBC}") = "CustomerTesting", "CustomerTesting\CustomerTesting.csproj", "{6C1AC11A-562A-4C4D-9E06-589CAD44C7E0}"
EndProject
Project("{FAE04EC0-301F-11D3-BF4B-00C04F79EFBC}") = "OrderTesting", "OrderTesting\OrderTesting.csproj", "{62D07EF0-5BF1-45FA-9A45-D96E8CD540DA}"
EndProject
Project("{FAE04EC0-301F-11D3-BF4B-00C04F79EFBC}") = "ProductTesting", "ProductTesting\ProductTesting.csproj", "{2A9AECE8-0920-4605-BCA1-036B68A5C9CD}"
EndProject
Global
	GlobalSection(SolutionConfigurationPlatforms) = preSolution
		Debug|Any CPU = Debug|Any CPU
		Release|Any CPU = Release|Any CPU
	EndGlobalSection
	GlobalSection(ProjectConfigurationPlatforms) = postSolution
		{2C4234FF-6D82-4720-8A81-66F14EFD6D27}.Debug|Any CPU.ActiveCfg = Debug|Any CPU
		{2C4234FF-6D82-4720-8A81-66F14EFD6D27}.Debug|Any CPU.Build.0 = Debug|Any CPU
		{2C4234FF-6D82-4720-8A81-66F14EFD6D27}.Release|Any CPU.ActiveCfg = Release|Any CPU
		{2C4234FF-6D82-4720-8A81-66F14EFD6D27}.Release|Any CPU.Build.0 = Release|Any CPU
		{F3C710A1-9D55-44C2-8517-FDA4D7BB1ABF}.Debug|Any CPU.ActiveCfg = Debug|Any CPU
		{F3C710A1-9D55-44C2-8517-FDA4D7BB1ABF}.Debug|Any CPU.Build.0 = Debug|Any CPU
		{F3C710A1-9D55-44C2-8517-FDA4D7BB1ABF}.Release|Any CPU.ActiveCfg = Release|Any CPU
		{F3C710A1-9D55-44C2-8517-FDA4D7BB1ABF}.Release|Any CPU.Build.0 = Release|Any CPU
		{6C1AC11A-562A-4C4D-9E06-589CAD44C7E0}.Debug|Any CPU.ActiveCfg = Debug|Any CPU
		{6C1AC11A-562A-4C4D-9E06-589CAD44C7E0}.Debug|Any CPU.Build.0 = Debug|Any CPU
		{6C1AC11A-562A-4C4D-9E06-589CAD44C7E0}.Release|Any CPU.ActiveCfg = Release|Any CPU
		{6C1AC11A-562A-4C4D-9E06-589CAD44C7E0}.Release|Any CPU.Build.0 = Release|Any CPU
		{62D07EF0-5BF1-45FA-9A45-D96E8CD540DA}.Debug|Any CPU.ActiveCfg = Debug|Any CPU
		{62D07EF0-5BF1-45FA-9A45-D96E8CD540DA}.Debug|Any CPU.Build.0 = Debug|Any CPU
		{62D07EF0-5BF1-45FA-9A45-D96E8CD540DA}.Release|Any CPU.ActiveCfg = Release|Any CPU
		{62D07EF0-5BF1-45FA-9A45-D96E8CD540DA}.Release|Any CPU.Build.0 = Release|Any CPU
		{2A9AECE8-0920-4605-BCA1-036B68A5C9CD}.Debug|Any CPU.ActiveCfg = Debug|Any CPU
		{2A9AECE8-0920-4605-BCA1-036B68A5C9CD}.Debug|Any CPU.Build.0 = Debug|Any CPU
		{2A9AECE8-0920-4605-BCA1-036B68A5C9CD}.Release|Any CPU.ActiveCfg = Release|Any CPU
		{2A9AECE8-0920-4605-BCA1-036B68A5C9CD}.Release|Any CPU.Build.0 = Release|Any CPU
	EndGlobalSection
	GlobalSection(SolutionProperties) = preSolution
		HideSolutionNode = FALSE
	EndGlobalSection
EndGlobal
